
Microsoft Visual Studio Solution File, Format Version 12.00
# Visual Studio Version 17
VisualStudioVersion = 17.10.35122.118
MinimumVisualStudioVersion = 10.0.40219.1
Project("{FAE04EC0-301F-11D3-BF4B-00C04F79EFBC}") = "MetBetTravaSaque", "MetBetTravaSaque\MetBetTravaSaque.csproj", "{89092E5F-5E40-46C8-9E3D-67B89988C433}"
EndProject
Global
	GlobalSection(SolutionConfigurationPlatforms) = preSolution
		Debug|Any CPU = Debug|Any CPU
		Release|Any CPU = Release|Any CPU
	EndGlobalSection
	GlobalSection(ProjectConfigurationPlatforms) = postSolution
		{89092E5F-5E40-46C8-9E3D-67B89988C433}.Debug|Any CPU.ActiveCfg = Debug|Any CPU
		{89092E5F-5E40-46C8-9E3D-67B89988C433}.Debug|Any CPU.Build.0 = Debug|Any CPU
		{89092E5F-5E40-46C8-9E3D-67B89988C433}.Release|Any CPU.ActiveCfg = Release|Any CPU
		{89092E5F-5E40-46C8-9E3D-67B89988C433}.Release|Any CPU.Build.0 = Release|Any CPU
	EndGlobalSection
	GlobalSection(SolutionProperties) = preSolution
		HideSolutionNode = FALSE
	EndGlobalSection
	GlobalSection(ExtensibilityGlobals) = postSolution
		SolutionGuid = {0608D7B4-B0F9-4BBA-933A-A54E5C3B0D22}
	EndGlobalSection
EndGlobal
